<?xml version="1.0" encoding="utf-8"?>
<Project ToolsVersion="4.0" xmlns="http://schemas.microsoft.com/developer/msbuild/2003">
  <ItemGroup>
    <Filter Include="ソース ファイル">
      <UniqueIdentifier>{4FC737F1-C7A5-4376-A066-2A32D752A2FF}</UniqueIdentifier>
      <Extensions>cpp;c;cc;cxx;c++;cppm;ixx;def;odl;idl;hpj;bat;asm;asmx</Extensions>
    </Filter>
    <Filter Include="ヘッダー ファイル">
      <UniqueIdentifier>{93995380-89BD-4b04-88EB-625FBE52EBFB}</UniqueIdentifier>
      <Extensions>h;hh;hpp;hxx;h++;hm;inl;inc;ipp;xsd</Extensions>
    </Filter>
    <Filter Include="リソース ファイル">
      <UniqueIdentifier>{67DA6AB6-F800-4c08-8B7A-83BB121AAD01}</UniqueIdentifier>
      <Extensions>rc;ico;cur;bmp;dlg;rc2;rct;bin;rgs;gif;jpg;jpeg;jpe;resx;tiff;tif;png;wav;mfcribbon-ms</Extensions>
    </Filter>
    <Filter Include="ソース ファイル\01.シーンタイトル">
      <UniqueIdentifier>{694c4f50-15e5-4002-9d48-00297eadd85a}</UniqueIdentifier>
    </Filter>
    <Filter Include="ソース ファイル\02.シーンメニュー">
      <UniqueIdentifier>{a1dafb7f-01dd-47ef-9b40-8378fdac8979}</UniqueIdentifier>
    </Filter>
    <Filter Include="GameL">
      <UniqueIdentifier>{7574a39e-4705-43aa-89d2-2c61b59f2751}</UniqueIdentifier>
    </Filter>
    <Filter Include="ソース ファイル\03.シーンメイン">
      <UniqueIdentifier>{06b440c3-a01d-432f-bb49-800bcd0df9f3}</UniqueIdentifier>
    </Filter>
    <Filter Include="ソース ファイル\04.シーンゲームクリア">
      <UniqueIdentifier>{e9be6364-8a44-4540-b28c-b109910a8eb5}</UniqueIdentifier>
    </Filter>
    <Filter Include="ソース ファイル\05.シーンゲームオーバー">
      <UniqueIdentifier>{badbc2c4-1efb-41f1-8e95-4758de5e98d6}</UniqueIdentifier>
    </Filter>
    <Filter Include="ソース ファイル\03.シーンメイン\敵オブジェクト">
      <UniqueIdentifier>{d58673b2-2a5e-42eb-8cb2-3f68ba4d851d}</UniqueIdentifier>
    </Filter>
    <Filter Include="ソース ファイル\03.シーンメイン\ゲージオブジェクト表示関連">
      <UniqueIdentifier>{79956e90-426d-4ead-b6ed-1838a1dd0713}</UniqueIdentifier>
    </Filter>
    <Filter Include="ソース ファイル\03.シーンメイン\主人公プレイヤーオブジェクト関連">
      <UniqueIdentifier>{9b25f1ec-8281-44e3-9cc6-69f68759a8ab}</UniqueIdentifier>
    </Filter>
    <Filter Include="ソース ファイル\03.シーンメイン\ステージ装飾グラフィック関連">
      <UniqueIdentifier>{beb76083-0ba2-4765-a4ec-cadfe307ba3c}</UniqueIdentifier>
    </Filter>
    <Filter Include="ソース ファイル\03.シーンメイン\敵オブジェクトBoss">
      <UniqueIdentifier>{f0eda782-b505-489b-a4f4-1fbe096ab89b}</UniqueIdentifier>
    </Filter>
  </ItemGroup>
  <ItemGroup>
    <ClCompile Include="UtilityModule.cpp">
      <Filter>ソース ファイル</Filter>
    </ClCompile>
    <ClCompile Include="ObjTitle.cpp">
      <Filter>ソース ファイル\01.シーンタイトル</Filter>
    </ClCompile>
    <ClCompile Include="SceneTitle.cpp">
      <Filter>ソース ファイル\01.シーンタイトル</Filter>
    </ClCompile>
    <ClCompile Include="GameL\Audio.cpp">
      <Filter>GameL</Filter>
    </ClCompile>
    <ClCompile Include="GameL\DirectXDevice.cpp">
      <Filter>GameL</Filter>
    </ClCompile>
    <ClCompile Include="GameL\Draw2DTex_Source.cpp">
      <Filter>GameL</Filter>
    </ClCompile>
    <ClCompile Include="GameL\DrawFont.cpp">
      <Filter>GameL</Filter>
    </ClCompile>
    <ClCompile Include="GameL\DrawTexture.cpp">
      <Filter>GameL</Filter>
    </ClCompile>
    <ClCompile Include="GameL\GameL_Main.cpp">
      <Filter>GameL</Filter>
    </ClCompile>
    <ClCompile Include="GameL\HitBoxManager.cpp">
      <Filter>GameL</Filter>
    </ClCompile>
    <ClCompile Include="GameL\MultiThread.cpp">
      <Filter>GameL</Filter>
    </ClCompile>
    <ClCompile Include="CObjHomingBullet.cpp">
      <Filter>ソース ファイル\03.シーンメイン</Filter>
    </ClCompile>
    <ClCompile Include="EnemyAppear.cpp">
      <Filter>ソース ファイル\03.シーンメイン</Filter>
    </ClCompile>
    <ClCompile Include="ObjAllBullet.cpp">
      <Filter>ソース ファイル\03.シーンメイン</Filter>
    </ClCompile>
    <ClCompile Include="ObjBarrier.cpp">
      <Filter>ソース ファイル\03.シーンメイン</Filter>
    </ClCompile>
    <ClCompile Include="ObjCustomize.cpp">
      <Filter>ソース ファイル\02.シーンメニュー</Filter>
    </ClCompile>
    <ClCompile Include="ObjGameClear.cpp">
      <Filter>ソース ファイル\04.シーンゲームクリア</Filter>
    </ClCompile>
    <ClCompile Include="ObjGameOver.cpp">
      <Filter>ソース ファイル\05.シーンゲームオーバー</Filter>
    </ClCompile>
    <ClCompile Include="ObjMagicalGirl.cpp">
      <Filter>ソース ファイル\03.シーンメイン</Filter>
    </ClCompile>
    <ClCompile Include="ObjMana.cpp">
      <Filter>ソース ファイル\03.シーンメイン</Filter>
    </ClCompile>
    <ClCompile Include="ObjModeSelect.cpp">
      <Filter>ソース ファイル\02.シーンメニュー</Filter>
    </ClCompile>
    <ClCompile Include="ObjSetting.cpp">
      <Filter>ソース ファイル\02.シーンメニュー</Filter>
    </ClCompile>
    <ClCompile Include="ObjStageSelect.cpp">
      <Filter>ソース ファイル\02.シーンメニュー</Filter>
    </ClCompile>
    <ClCompile Include="SceneGameClear.cpp">
      <Filter>ソース ファイル\04.シーンゲームクリア</Filter>
    </ClCompile>
    <ClCompile Include="SceneGameOver.cpp">
      <Filter>ソース ファイル\05.シーンゲームオーバー</Filter>
    </ClCompile>
    <ClCompile Include="SceneMain.cpp">
      <Filter>ソース ファイル\03.シーンメイン</Filter>
    </ClCompile>
    <ClCompile Include="GameL\SceneManager.cpp">
      <Filter>GameL</Filter>
    </ClCompile>
    <ClCompile Include="GameL\SceneObjManager.cpp">
      <Filter>GameL</Filter>
    </ClCompile>
    <ClCompile Include="GameL\SetWindow.cpp">
      <Filter>GameL</Filter>
    </ClCompile>
    <ClCompile Include="GameL\UserData.cpp">
      <Filter>GameL</Filter>
    </ClCompile>
    <ClCompile Include="GameL\WinInputs.cpp">
      <Filter>GameL</Filter>
    </ClCompile>
    <ClCompile Include="SceneMenu.cpp">
      <Filter>ソース ファイル\02.シーンメニュー</Filter>
    </ClCompile>
    <ClCompile Include="ObjEnemy.cpp">
      <Filter>ソース ファイル\03.シーンメイン\敵オブジェクト</Filter>
    </ClCompile>
    <ClCompile Include="ObjEnemy2.cpp">
      <Filter>ソース ファイル\03.シーンメイン\敵オブジェクト</Filter>
    </ClCompile>
    <ClCompile Include="ObjEnemy3.cpp">
      <Filter>ソース ファイル\03.シーンメイン\敵オブジェクト</Filter>
    </ClCompile>
    <ClCompile Include="ObjEnemy4.cpp">
      <Filter>ソース ファイル\03.シーンメイン\敵オブジェクト</Filter>
    </ClCompile>
    <ClCompile Include="ObjGaugeBase.cpp">
      <Filter>ソース ファイル\03.シーンメイン\ゲージオブジェクト表示関連</Filter>
    </ClCompile>
    <ClCompile Include="ObjGaugeBaseBoss.cpp">
      <Filter>ソース ファイル\03.シーンメイン\ゲージオブジェクト表示関連</Filter>
    </ClCompile>
    <ClCompile Include="ObjGaugeBaseMana.cpp">
      <Filter>ソース ファイル\03.シーンメイン\ゲージオブジェクト表示関連</Filter>
    </ClCompile>
    <ClCompile Include="ObjGaugeBoss.cpp">
      <Filter>ソース ファイル\03.シーンメイン\ゲージオブジェクト表示関連</Filter>
    </ClCompile>
    <ClCompile Include="ObjGaugeHP.cpp">
      <Filter>ソース ファイル\03.シーンメイン\ゲージオブジェクト表示関連</Filter>
    </ClCompile>
    <ClCompile Include="ObjGaugeMana.cpp">
      <Filter>ソース ファイル\03.シーンメイン\ゲージオブジェクト表示関連</Filter>
    </ClCompile>
    <ClCompile Include="ObjGaugeMP.cpp">
      <Filter>ソース ファイル\03.シーンメイン\ゲージオブジェクト表示関連</Filter>
    </ClCompile>
    <ClCompile Include="ObjBackGround.cpp">
      <Filter>ソース ファイル\03.シーンメイン\ステージ装飾グラフィック関連</Filter>
    </ClCompile>
    <ClCompile Include="ObjBlock.cpp">
      <Filter>ソース ファイル\03.シーンメイン\ステージ装飾グラフィック関連</Filter>
    </ClCompile>
    <ClCompile Include="ObjHero.cpp">
      <Filter>ソース ファイル\03.シーンメイン\主人公プレイヤーオブジェクト関連</Filter>
    </ClCompile>
    <ClCompile Include="ObjEnemyAmount.cpp">
      <Filter>ソース ファイル\03.シーンメイン\ステージ装飾グラフィック関連</Filter>
    </ClCompile>
    <ClCompile Include="ObjSmallSlim.cpp">
      <Filter>ソース ファイル\03.シーンメイン\敵オブジェクト</Filter>
    </ClCompile>
    <ClCompile Include="ObjPauseMenu.cpp">
      <Filter>ソース ファイル\03.シーンメイン\ステージ装飾グラフィック関連</Filter>
    </ClCompile>
    <ClCompile Include="ObjBullet.cpp">
      <Filter>ソース ファイル\03.シーンメイン\主人公プレイヤーオブジェクト関連</Filter>
    </ClCompile>
    <ClCompile Include="ObjSword.cpp">
      <Filter>ソース ファイル\03.シーンメイン\主人公プレイヤーオブジェクト関連</Filter>
    </ClCompile>
    <ClCompile Include="ObjBoss1.cpp">
      <Filter>ソース ファイル\03.シーンメイン\敵オブジェクトBoss</Filter>
    </ClCompile>
    <ClCompile Include="ObjDragon.cpp">
      <Filter>ソース ファイル\03.シーンメイン\敵オブジェクトBoss</Filter>
    </ClCompile>
    <ClCompile Include="ObjSlimeBall.cpp">
      <Filter>ソース ファイル\03.シーンメイン\敵オブジェクトBoss</Filter>
    </ClCompile>
    <ClCompile Include="ObjFireBall.cpp">
      <Filter>ソース ファイル\03.シーンメイン\敵オブジェクトBoss</Filter>
    </ClCompile>
  </ItemGroup>
  <ItemGroup>
    <ClInclude Include="GameHead.h">
      <Filter>ソース ファイル</Filter>
    </ClInclude>
    <ClInclude Include="main.h">
      <Filter>ソース ファイル</Filter>
    </ClInclude>
    <ClInclude Include="UtilityModule.h">
      <Filter>ソース ファイル</Filter>
    </ClInclude>
    <ClInclude Include="ObjTitle.h">
      <Filter>ソース ファイル\01.シーンタイトル</Filter>
    </ClInclude>
    <ClInclude Include="SceneTitle.h">
      <Filter>ソース ファイル\01.シーンタイトル</Filter>
    </ClInclude>
    <ClInclude Include="GameL\Audio.h">
      <Filter>GameL</Filter>
    </ClInclude>
    <ClInclude Include="GameL\DirectXDevice.h">
      <Filter>GameL</Filter>
    </ClInclude>
    <ClInclude Include="GameL\DrawFont.h">
      <Filter>GameL</Filter>
    </ClInclude>
    <ClInclude Include="GameL\DrawTexture.h">
      <Filter>GameL</Filter>
    </ClInclude>
    <ClInclude Include="GameL\HitBoxManager.h">
      <Filter>GameL</Filter>
    </ClInclude>
    <ClInclude Include="GameL\MultiThread.h">
      <Filter>GameL</Filter>
    </ClInclude>
    <ClInclude Include="CObjHomingBullet.h">
      <Filter>ソース ファイル\03.シーンメイン</Filter>
    </ClInclude>
    <ClInclude Include="EnemyAppear.h">
      <Filter>ソース ファイル\03.シーンメイン</Filter>
    </ClInclude>
    <ClInclude Include="ObjAllBullet.h">
      <Filter>ソース ファイル\03.シーンメイン</Filter>
    </ClInclude>
    <ClInclude Include="Objbarrier.h">
      <Filter>ソース ファイル\03.シーンメイン</Filter>
    </ClInclude>
    <ClInclude Include="ObjCustomize.h">
      <Filter>ソース ファイル\02.シーンメニュー</Filter>
    </ClInclude>
    <ClInclude Include="ObjGameClear.h">
      <Filter>ソース ファイル\04.シーンゲームクリア</Filter>
    </ClInclude>
    <ClInclude Include="ObjGameOver.h">
      <Filter>ソース ファイル\05.シーンゲームオーバー</Filter>
    </ClInclude>
    <ClInclude Include="ObjMagicalGirl.h">
      <Filter>ソース ファイル\03.シーンメイン</Filter>
    </ClInclude>
    <ClInclude Include="ObjMana.h">
      <Filter>ソース ファイル\03.シーンメイン</Filter>
    </ClInclude>
    <ClInclude Include="ObjModeSelect.h">
      <Filter>ソース ファイル\02.シーンメニュー</Filter>
    </ClInclude>
    <ClInclude Include="ObjSetting.h">
      <Filter>ソース ファイル\02.シーンメニュー</Filter>
    </ClInclude>
    <ClInclude Include="ObjStageSelect.h">
      <Filter>ソース ファイル\02.シーンメニュー</Filter>
    </ClInclude>
    <ClInclude Include="SceneGameClear.h">
      <Filter>ソース ファイル\04.シーンゲームクリア</Filter>
    </ClInclude>
    <ClInclude Include="SceneGameOver.h">
      <Filter>ソース ファイル\05.シーンゲームオーバー</Filter>
    </ClInclude>
    <ClInclude Include="SceneMain.h">
      <Filter>ソース ファイル\03.シーンメイン</Filter>
    </ClInclude>
    <ClInclude Include="GameL\SceneManager.h">
      <Filter>GameL</Filter>
    </ClInclude>
    <ClInclude Include="GameL\SceneObjManager.h">
      <Filter>GameL</Filter>
    </ClInclude>
    <ClInclude Include="GameL\SetWindow.h">
      <Filter>GameL</Filter>
    </ClInclude>
    <ClInclude Include="GameL\UserData.h">
      <Filter>GameL</Filter>
    </ClInclude>
    <ClInclude Include="GameL\WinInputs.h">
      <Filter>GameL</Filter>
    </ClInclude>
    <ClInclude Include="SceneMenu.h">
      <Filter>ソース ファイル\02.シーンメニュー</Filter>
    </ClInclude>
    <ClInclude Include="ObjEnemy.h">
      <Filter>ソース ファイル\03.シーンメイン\敵オブジェクト</Filter>
    </ClInclude>
    <ClInclude Include="ObjEnemy2.h">
      <Filter>ソース ファイル\03.シーンメイン\敵オブジェクト</Filter>
    </ClInclude>
    <ClInclude Include="ObjEnemy3.h">
      <Filter>ソース ファイル\03.シーンメイン\敵オブジェクト</Filter>
    </ClInclude>
    <ClInclude Include="ObjEnemy4.h">
      <Filter>ソース ファイル\03.シーンメイン\敵オブジェクト</Filter>
    </ClInclude>
    <ClInclude Include="ObjGaugeBase.h">
      <Filter>ソース ファイル\03.シーンメイン\ゲージオブジェクト表示関連</Filter>
    </ClInclude>
    <ClInclude Include="ObjGaugeBaseBoss.h">
      <Filter>ソース ファイル\03.シーンメイン\ゲージオブジェクト表示関連</Filter>
    </ClInclude>
    <ClInclude Include="ObjGaugeBaseMana.h">
      <Filter>ソース ファイル\03.シーンメイン\ゲージオブジェクト表示関連</Filter>
    </ClInclude>
    <ClInclude Include="ObjGaugeBoss.h">
      <Filter>ソース ファイル\03.シーンメイン\ゲージオブジェクト表示関連</Filter>
    </ClInclude>
    <ClInclude Include="ObjGaugeHP.h">
      <Filter>ソース ファイル\03.シーンメイン\ゲージオブジェクト表示関連</Filter>
    </ClInclude>
    <ClInclude Include="ObjGaugeMana.h">
      <Filter>ソース ファイル\03.シーンメイン\ゲージオブジェクト表示関連</Filter>
    </ClInclude>
    <ClInclude Include="ObjGaugeMP.h">
      <Filter>ソース ファイル\03.シーンメイン\ゲージオブジェクト表示関連</Filter>
    </ClInclude>
    <ClInclude Include="ObjBackGround.h">
      <Filter>ソース ファイル\03.シーンメイン\ステージ装飾グラフィック関連</Filter>
    </ClInclude>
    <ClInclude Include="ObjBlock.h">
      <Filter>ソース ファイル\03.シーンメイン\ステージ装飾グラフィック関連</Filter>
    </ClInclude>
    <ClInclude Include="ObjHero.h">
      <Filter>ソース ファイル\03.シーンメイン\主人公プレイヤーオブジェクト関連</Filter>
    </ClInclude>
    <ClInclude Include="ObjEnemyAmount.h">
      <Filter>ソース ファイル\03.シーンメイン\ステージ装飾グラフィック関連</Filter>
    </ClInclude>
    <ClInclude Include="ObjSmallSlim.h">
      <Filter>ソース ファイル\03.シーンメイン\敵オブジェクト</Filter>
    </ClInclude>
    <ClInclude Include="ObjPauseMenu.h">
      <Filter>ソース ファイル\03.シーンメイン\ステージ装飾グラフィック関連</Filter>
    </ClInclude>
    <ClInclude Include="ObjBullet.h">
      <Filter>ソース ファイル\03.シーンメイン\主人公プレイヤーオブジェクト関連</Filter>
    </ClInclude>
    <ClInclude Include="ObjSword.h">
      <Filter>ソース ファイル\03.シーンメイン\主人公プレイヤーオブジェクト関連</Filter>
    </ClInclude>
    <ClInclude Include="ObjBoss1.h">
      <Filter>ソース ファイル\03.シーンメイン\敵オブジェクトBoss</Filter>
    </ClInclude>
    <ClInclude Include="ObjDragon.h">
      <Filter>ソース ファイル\03.シーンメイン\敵オブジェクトBoss</Filter>
    </ClInclude>
    <ClInclude Include="ObjSlimeBall.h">
      <Filter>ソース ファイル\03.シーンメイン\敵オブジェクトBoss</Filter>
    </ClInclude>
    <ClInclude Include="ObjFireBall.h">
      <Filter>ソース ファイル\03.シーンメイン\敵オブジェクトBoss</Filter>
    </ClInclude>
  </ItemGroup>
</Project>