<?xml version="1.0" encoding="utf-8"?>
<Project ToolsVersion="4.0" xmlns="http://schemas.microsoft.com/developer/msbuild/2003">
  <ItemGroup>
    <ClCompile Include="SceneMain.cpp" />
    <ClCompile Include="GameL\Audio.cpp">
      <Filter>ソースファイル</Filter>
    </ClCompile>
    <ClCompile Include="GameL\DirectXDevice.cpp">
      <Filter>ソースファイル</Filter>
    </ClCompile>
    <ClCompile Include="GameL\Draw2DTex_Source.cpp">
      <Filter>ソースファイル</Filter>
    </ClCompile>
    <ClCompile Include="GameL\DrawFont.cpp">
      <Filter>ソースファイル</Filter>
    </ClCompile>
    <ClCompile Include="GameL\DrawTexture.cpp">
      <Filter>ソースファイル</Filter>
    </ClCompile>
    <ClCompile Include="GameL\GameL_Main.cpp">
      <Filter>ソースファイル</Filter>
    </ClCompile>
    <ClCompile Include="GameL\HitBoxManager.cpp">
      <Filter>ソースファイル</Filter>
    </ClCompile>
    <ClCompile Include="GameL\MultiThread.cpp">
      <Filter>ソースファイル</Filter>
    </ClCompile>
    <ClCompile Include="ObjGaugeBase.cpp">
      <Filter>ゲームメイン\ゲージ</Filter>
    </ClCompile>
    <ClCompile Include="ObjGaugeBaseMana.cpp">
      <Filter>ゲームメイン\ゲージ</Filter>
    </ClCompile>
    <ClCompile Include="ObjGaugeHP.cpp">
      <Filter>ゲームメイン\ゲージ</Filter>
    </ClCompile>
    <ClCompile Include="ObjGaugeMana.cpp">
      <Filter>ゲームメイン\ゲージ</Filter>
    </ClCompile>
    <ClCompile Include="ObjGaugeMP.cpp">
      <Filter>ゲームメイン\ゲージ</Filter>
    </ClCompile>
    <ClCompile Include="ObjHero.cpp">
      <Filter>ゲームメイン</Filter>
    </ClCompile>
    <ClCompile Include="ObjMagicalGirl.cpp">
      <Filter>ゲームメイン</Filter>
    </ClCompile>
    <ClCompile Include="ObjMana.cpp">
      <Filter>ゲームメイン</Filter>
    </ClCompile>
    <ClCompile Include="ObjSword.cpp">
      <Filter>ゲームメイン</Filter>
    </ClCompile>
    <ClCompile Include="GameL\SceneManager.cpp">
      <Filter>ソースファイル</Filter>
    </ClCompile>
    <ClCompile Include="GameL\SceneObjManager.cpp">
      <Filter>ソースファイル</Filter>
    </ClCompile>
    <ClCompile Include="GameL\SetWindow.cpp">
      <Filter>ソースファイル</Filter>
    </ClCompile>
    <ClCompile Include="GameL\UserData.cpp">
      <Filter>ソースファイル</Filter>
    </ClCompile>
    <ClCompile Include="GameL\WinInputs.cpp">
      <Filter>ソースファイル</Filter>
    </ClCompile>
    <ClCompile Include="ObjTitle.cpp">
      <Filter>タイトル</Filter>
    </ClCompile>
    <ClCompile Include="SceneTitle.cpp">
      <Filter>タイトル</Filter>
    </ClCompile>
    <ClCompile Include="ObjBackGround.cpp">
      <Filter>ゲームメイン</Filter>
    </ClCompile>
    <ClCompile Include="CObjHomingBullet.cpp">
      <Filter>ゲームメイン</Filter>
    </ClCompile>
    <ClCompile Include="ObjGameOver.cpp">
      <Filter>ゲームオーバー</Filter>
    </ClCompile>
    <ClCompile Include="SceneGameOver.cpp">
      <Filter>ゲームオーバー</Filter>
    </ClCompile>
    <ClCompile Include="ObjGameClear.cpp">
      <Filter>ゲームクリア</Filter>
    </ClCompile>
    <ClCompile Include="SceneGameClear.cpp">
      <Filter>ゲームクリア</Filter>
    </ClCompile>
    <ClCompile Include="SceneMenu.cpp">
      <Filter>メニュー</Filter>
    </ClCompile>
    <ClCompile Include="ObjEnemyAmount.cpp">
      <Filter>ゲームメイン</Filter>
    </ClCompile>
    <ClCompile Include="ObjBlock.cpp">
      <Filter>ゲームメイン</Filter>
    </ClCompile>
    <ClCompile Include="ObjBullet.cpp">
      <Filter>ゲームメイン</Filter>
    </ClCompile>
    <ClCompile Include="ObjModeSelect.cpp">
      <Filter>メニュー</Filter>
    </ClCompile>
    <ClCompile Include="ObjBarrier.cpp">
      <Filter>ゲームメイン</Filter>
    </ClCompile>
    <ClCompile Include="ObjStageSelect.cpp">
      <Filter>メニュー</Filter>
    </ClCompile>
    <ClCompile Include="UtilityModule.cpp" />
    <ClCompile Include="ObjAllBullet.cpp">
      <Filter>ゲームメイン</Filter>
    </ClCompile>
    <ClCompile Include="ObjCustomize.cpp">
      <Filter>メニュー</Filter>
    </ClCompile>
    <ClCompile Include="ObjEnemy.cpp">
      <Filter>ゲームメイン\敵</Filter>
    </ClCompile>
    <ClCompile Include="ObjEnemy2.cpp">
      <Filter>ゲームメイン\敵</Filter>
    </ClCompile>
    <ClCompile Include="ObjEnemy3.cpp">
      <Filter>ゲームメイン\敵</Filter>
    </ClCompile>
    <ClCompile Include="ObjEnemy4.cpp">
      <Filter>ゲームメイン\敵</Filter>
    </ClCompile>
    <ClCompile Include="ObjSmallSlim.cpp">
      <Filter>ゲームメイン\敵</Filter>
    </ClCompile>
    <ClCompile Include="ObjPauseMenu.cpp">
      <Filter>ゲームメイン</Filter>
    </ClCompile>
    <ClCompile Include="ObjSetting.cpp">
      <Filter>メニュー</Filter>
    </ClCompile>
    <ClCompile Include="ObjBoss1.cpp">
      <Filter>ゲームメイン\敵</Filter>
    </ClCompile>
    <ClCompile Include="ObjSlimeBall.cpp">
      <Filter>ゲームメイン\敵</Filter>
    </ClCompile>
    <ClCompile Include="EnemyAppear.cpp" />
    <ClCompile Include="ObjGaugeBaseBoss.cpp">
      <Filter>ゲームメイン\ゲージ</Filter>
    </ClCompile>
    <ClCompile Include="ObjGaugeBoss.cpp">
      <Filter>ゲームメイン\ゲージ</Filter>
    </ClCompile>
  </ItemGroup>
  <ItemGroup>
    <ClInclude Include="GameHead.h" />
    <ClInclude Include="SceneMain.h" />
    <ClInclude Include="GameL\Audio.h">
      <Filter>ソースファイル</Filter>
    </ClInclude>
    <ClInclude Include="GameL\DirectXDevice.h">
      <Filter>ソースファイル</Filter>
    </ClInclude>
    <ClInclude Include="GameL\DrawFont.h">
      <Filter>ソースファイル</Filter>
    </ClInclude>
    <ClInclude Include="GameL\DrawTexture.h">
      <Filter>ソースファイル</Filter>
    </ClInclude>
    <ClInclude Include="GameL\HitBoxManager.h">
      <Filter>ソースファイル</Filter>
    </ClInclude>
    <ClInclude Include="main.h">
      <Filter>ソースファイル</Filter>
    </ClInclude>
    <ClInclude Include="GameL\MultiThread.h">
      <Filter>ソースファイル</Filter>
    </ClInclude>
    <ClInclude Include="ObjGaugeBase.h">
      <Filter>ゲームメイン\ゲージ</Filter>
    </ClInclude>
    <ClInclude Include="ObjGaugeBaseMana.h">
      <Filter>ゲームメイン\ゲージ</Filter>
    </ClInclude>
    <ClInclude Include="ObjGaugeHP.h">
      <Filter>ゲームメイン\ゲージ</Filter>
    </ClInclude>
    <ClInclude Include="ObjGaugeMana.h">
      <Filter>ゲームメイン\ゲージ</Filter>
    </ClInclude>
    <ClInclude Include="ObjGaugeMP.h">
      <Filter>ゲームメイン\ゲージ</Filter>
    </ClInclude>
    <ClInclude Include="ObjHero.h">
      <Filter>ゲームメイン</Filter>
    </ClInclude>
    <ClInclude Include="ObjMagicalGirl.h">
      <Filter>ゲームメイン</Filter>
    </ClInclude>
    <ClInclude Include="ObjMana.h">
      <Filter>ゲームメイン</Filter>
    </ClInclude>
    <ClInclude Include="ObjSword.h">
      <Filter>ゲームメイン</Filter>
    </ClInclude>
    <ClInclude Include="GameL\SceneManager.h">
      <Filter>ソースファイル</Filter>
    </ClInclude>
    <ClInclude Include="GameL\SceneObjManager.h">
      <Filter>ソースファイル</Filter>
    </ClInclude>
    <ClInclude Include="GameL\SetWindow.h">
      <Filter>ソースファイル</Filter>
    </ClInclude>
    <ClInclude Include="GameL\UserData.h">
      <Filter>ソースファイル</Filter>
    </ClInclude>
    <ClInclude Include="GameL\WinInputs.h">
      <Filter>ソースファイル</Filter>
    </ClInclude>
    <ClInclude Include="ObjTitle.h">
      <Filter>タイトル</Filter>
    </ClInclude>
    <ClInclude Include="SceneTitle.h">
      <Filter>タイトル</Filter>
    </ClInclude>
    <ClInclude Include="ObjBackGround.h">
      <Filter>ゲームメイン</Filter>
    </ClInclude>
    <ClInclude Include="CObjHomingBullet.h">
      <Filter>ゲームメイン</Filter>
    </ClInclude>
    <ClInclude Include="ObjGameOver.h">
      <Filter>ゲームオーバー</Filter>
    </ClInclude>
    <ClInclude Include="SceneGameOver.h">
      <Filter>ゲームオーバー</Filter>
    </ClInclude>
    <ClInclude Include="ObjGameClear.h">
      <Filter>ゲームクリア</Filter>
    </ClInclude>
    <ClInclude Include="SceneGameClear.h">
      <Filter>ゲームクリア</Filter>
    </ClInclude>
    <ClInclude Include="SceneMenu.h">
      <Filter>メニュー</Filter>
    </ClInclude>
    <ClInclude Include="ObjEnemyAmount.h">
      <Filter>ゲームメイン</Filter>
    </ClInclude>
    <ClInclude Include="ObjBlock.h">
      <Filter>ゲームメイン</Filter>
    </ClInclude>
    <ClInclude Include="ObjBullet.h">
      <Filter>ゲームメイン</Filter>
    </ClInclude>
    <ClInclude Include="ObjModeSelect.h">
      <Filter>メニュー</Filter>
    </ClInclude>
    <ClInclude Include="Objbarrier.h">
      <Filter>ゲームメイン</Filter>
    </ClInclude>
    <ClInclude Include="ObjStageSelect.h">
      <Filter>メニュー</Filter>
    </ClInclude>
    <ClInclude Include="UtilityModule.h" />
    <ClInclude Include="ObjAllBullet.h">
      <Filter>ゲームメイン</Filter>
    </ClInclude>
    <ClInclude Include="ObjCustomize.h">
      <Filter>メニュー</Filter>
    </ClInclude>
    <ClInclude Include="ObjEnemy.h">
      <Filter>ゲームメイン\敵</Filter>
    </ClInclude>
    <ClInclude Include="ObjEnemy2.h">
      <Filter>ゲームメイン\敵</Filter>
    </ClInclude>
    <ClInclude Include="ObjEnemy3.h">
      <Filter>ゲームメイン\敵</Filter>
    </ClInclude>
    <ClInclude Include="ObjEnemy4.h">
      <Filter>ゲームメイン\敵</Filter>
    </ClInclude>
    <ClInclude Include="ObjSmallSlim.h">
      <Filter>ゲームメイン\敵</Filter>
    </ClInclude>
    <ClInclude Include="ObjPauseMenu.h">
      <Filter>ゲームメイン</Filter>
    </ClInclude>
    <ClInclude Include="ObjSetting.h">
      <Filter>メニュー</Filter>
    </ClInclude>
    <ClInclude Include="ObjBoss1.h">
      <Filter>ゲームメイン\敵</Filter>
    </ClInclude>
    <ClInclude Include="ObjSlimeBall.h">
      <Filter>ゲームメイン\敵</Filter>
    </ClInclude>
    <ClInclude Include="EnemyAppear.h" />
    <ClInclude Include="ObjGaugeBoss.h">
      <Filter>ゲームメイン\ゲージ</Filter>
    </ClInclude>
    <ClInclude Include="ObjGaugeBaseBoss.h">
      <Filter>ゲームメイン\ゲージ</Filter>
    </ClInclude>
  </ItemGroup>
  <ItemGroup>
    <Filter Include="ソースファイル">
      <UniqueIdentifier>{2929ee74-df82-4c8b-8c4e-9eabe9d9790d}</UniqueIdentifier>
    </Filter>
    <Filter Include="ゲームメイン">
      <UniqueIdentifier>{246ab3bc-4325-4a0b-9e19-98d584a15036}</UniqueIdentifier>
    </Filter>
    <Filter Include="ゲームメイン\ゲージ">
      <UniqueIdentifier>{8bbf1c82-5528-41e2-9bd9-83e5f0aeb7ae}</UniqueIdentifier>
    </Filter>
    <Filter Include="タイトル">
      <UniqueIdentifier>{965e241f-dccf-4184-b187-e44af6724c8f}</UniqueIdentifier>
    </Filter>
    <Filter Include="ゲームオーバー">
      <UniqueIdentifier>{f494f973-dd94-4163-95d1-62b1bdbb729e}</UniqueIdentifier>
    </Filter>
    <Filter Include="ゲームクリア">
      <UniqueIdentifier>{311a5b3a-14f4-4b3a-a66a-38896920e32a}</UniqueIdentifier>
    </Filter>
    <Filter Include="メニュー">
      <UniqueIdentifier>{55fd4839-5c02-44b1-9882-3ac0299b6c02}</UniqueIdentifier>
    </Filter>
    <Filter Include="ゲームメイン\敵">
      <UniqueIdentifier>{d17f0f5a-ff25-471a-90db-fbfc34a6e48c}</UniqueIdentifier>
    </Filter>
  </ItemGroup>
</Project>